
Microsoft Visual Studio Solution File, Format Version 12.00
# Visual Studio Version 17
VisualStudioVersion = 17.14.36717.8 d17.14
MinimumVisualStudioVersion = 10.0.40219.1
Project("{8BC9CEB8-8B4A-11D0-8D11-00A0C91BC942}") = "Problem #010", "Problem #010\Problem #010.vcxproj", "{A0BB8640-8DFA-4F04-8D65-E916FE0C4A84}"
EndProject
Global
	GlobalSection(SolutionConfigurationPlatforms) = preSolution
		Debug|x64 = Debug|x64
		Debug|x86 = Debug|x86
		Release|x64 = Release|x64
		Release|x86 = Release|x86
	EndGlobalSection
	GlobalSection(ProjectConfigurationPlatforms) = postSolution
		{A0BB8640-8DFA-4F04-8D65-E916FE0C4A84}.Debug|x64.ActiveCfg = Debug|x64
		{A0BB8640-8DFA-4F04-8D65-E916FE0C4A84}.Debug|x64.Build.0 = Debug|x64
		{A0BB8640-8DFA-4F04-8D65-E916FE0C4A84}.Debug|x86.ActiveCfg = Debug|Win32
		{A0BB8640-8DFA-4F04-8D65-E916FE0C4A84}.Debug|x86.Build.0 = Debug|Win32
		{A0BB8640-8DFA-4F04-8D65-E916FE0C4A84}.Release|x64.ActiveCfg = Release|x64
		{A0BB8640-8DFA-4F04-8D65-E916FE0C4A84}.Release|x64.Build.0 = Release|x64
		{A0BB8640-8DFA-4F04-8D65-E916FE0C4A84}.Release|x86.ActiveCfg = Release|Win32
		{A0BB8640-8DFA-4F04-8D65-E916FE0C4A84}.Release|x86.Build.0 = Release|Win32
	EndGlobalSection
	GlobalSection(SolutionProperties) = preSolution
		HideSolutionNode = FALSE
	EndGlobalSection
	GlobalSection(ExtensibilityGlobals) = postSolution
		SolutionGuid = {F26E3844-F54B-49A3-8AF8-9A2B7CDFA509}
	EndGlobalSection
EndGlobal
